
Microsoft Visual Studio Solution File, Format Version 12.00
# Visual Studio Version 17
VisualStudioVersion = 17.3.32922.545
MinimumVisualStudioVersion = 10.0.40219.1
Project("{FAE04EC0-301F-11D3-BF4B-00C04F79EFBC}") = "UceniciRazredni", "UceniciRazredni\UceniciRazredni.csproj", "{0EB6595E-8468-4184-B895-B40952F328AB}"
EndProject
Global
	GlobalSection(SolutionConfigurationPlatforms) = preSolution
		Debug|Any CPU = Debug|Any CPU
		Release|Any CPU = Release|Any CPU
	EndGlobalSection
	GlobalSection(ProjectConfigurationPlatforms) = postSolution
		{0EB6595E-8468-4184-B895-B40952F328AB}.Debug|Any CPU.ActiveCfg = Debug|Any CPU
		{0EB6595E-8468-4184-B895-B40952F328AB}.Debug|Any CPU.Build.0 = Debug|Any CPU
		{0EB6595E-8468-4184-B895-B40952F328AB}.Release|Any CPU.ActiveCfg = Release|Any CPU
		{0EB6595E-8468-4184-B895-B40952F328AB}.Release|Any CPU.Build.0 = Release|Any CPU
	EndGlobalSection
	GlobalSection(SolutionProperties) = preSolution
		HideSolutionNode = FALSE
	EndGlobalSection
	GlobalSection(ExtensibilityGlobals) = postSolution
		SolutionGuid = {602A6D60-F622-46DE-91E7-45556FA3F5C3}
	EndGlobalSection
EndGlobal
